
Microsoft Visual Studio Solution File, Format Version 12.00
# Visual Studio Version 16
VisualStudioVersion = 16.0.30114.105
MinimumVisualStudioVersion = 10.0.40219.1
Project("{FAE04EC0-301F-11D3-BF4B-00C04F79EFBC}") = "LandmarkRemark.API", "LandmarkRemark.API\LandmarkRemark.API.csproj", "{DBCD71CA-C12B-418F-B8D2-2636BCD13A75}"
EndProject
Project("{FAE04EC0-301F-11D3-BF4B-00C04F79EFBC}") = "LandmarkRemark.API.Tests", "LandmarkRemark.API.Tests\LandmarkRemark.API.Tests.csproj", "{BB6E7E35-4117-42A9-9AA4-EEC5C500588E}"
EndProject
Global
	GlobalSection(SolutionConfigurationPlatforms) = preSolution
		Debug|Any CPU = Debug|Any CPU
		Debug|x64 = Debug|x64
		Debug|x86 = Debug|x86
		Release|Any CPU = Release|Any CPU
		Release|x64 = Release|x64
		Release|x86 = Release|x86
	EndGlobalSection
	GlobalSection(SolutionProperties) = preSolution
		HideSolutionNode = FALSE
	EndGlobalSection
	GlobalSection(ProjectConfigurationPlatforms) = postSolution
		{DBCD71CA-C12B-418F-B8D2-2636BCD13A75}.Debug|Any CPU.ActiveCfg = Debug|Any CPU
		{DBCD71CA-C12B-418F-B8D2-2636BCD13A75}.Debug|Any CPU.Build.0 = Debug|Any CPU
		{DBCD71CA-C12B-418F-B8D2-2636BCD13A75}.Debug|x64.ActiveCfg = Debug|Any CPU
		{DBCD71CA-C12B-418F-B8D2-2636BCD13A75}.Debug|x64.Build.0 = Debug|Any CPU
		{DBCD71CA-C12B-418F-B8D2-2636BCD13A75}.Debug|x86.ActiveCfg = Debug|Any CPU
		{DBCD71CA-C12B-418F-B8D2-2636BCD13A75}.Debug|x86.Build.0 = Debug|Any CPU
		{DBCD71CA-C12B-418F-B8D2-2636BCD13A75}.Release|Any CPU.ActiveCfg = Release|Any CPU
		{DBCD71CA-C12B-418F-B8D2-2636BCD13A75}.Release|Any CPU.Build.0 = Release|Any CPU
		{DBCD71CA-C12B-418F-B8D2-2636BCD13A75}.Release|x64.ActiveCfg = Release|Any CPU
		{DBCD71CA-C12B-418F-B8D2-2636BCD13A75}.Release|x64.Build.0 = Release|Any CPU
		{DBCD71CA-C12B-418F-B8D2-2636BCD13A75}.Release|x86.ActiveCfg = Release|Any CPU
		{DBCD71CA-C12B-418F-B8D2-2636BCD13A75}.Release|x86.Build.0 = Release|Any CPU
		{BB6E7E35-4117-42A9-9AA4-EEC5C500588E}.Debug|Any CPU.ActiveCfg = Debug|Any CPU
		{BB6E7E35-4117-42A9-9AA4-EEC5C500588E}.Debug|Any CPU.Build.0 = Debug|Any CPU
		{BB6E7E35-4117-42A9-9AA4-EEC5C500588E}.Debug|x64.ActiveCfg = Debug|Any CPU
		{BB6E7E35-4117-42A9-9AA4-EEC5C500588E}.Debug|x64.Build.0 = Debug|Any CPU
		{BB6E7E35-4117-42A9-9AA4-EEC5C500588E}.Debug|x86.ActiveCfg = Debug|Any CPU
		{BB6E7E35-4117-42A9-9AA4-EEC5C500588E}.Debug|x86.Build.0 = Debug|Any CPU
		{BB6E7E35-4117-42A9-9AA4-EEC5C500588E}.Release|Any CPU.ActiveCfg = Release|Any CPU
		{BB6E7E35-4117-42A9-9AA4-EEC5C500588E}.Release|Any CPU.Build.0 = Release|Any CPU
		{BB6E7E35-4117-42A9-9AA4-EEC5C500588E}.Release|x64.ActiveCfg = Release|Any CPU
		{BB6E7E35-4117-42A9-9AA4-EEC5C500588E}.Release|x64.Build.0 = Release|Any CPU
		{BB6E7E35-4117-42A9-9AA4-EEC5C500588E}.Release|x86.ActiveCfg = Release|Any CPU
		{BB6E7E35-4117-42A9-9AA4-EEC5C500588E}.Release|x86.Build.0 = Release|Any CPU
	EndGlobalSection
EndGlobal
